
Microsoft Visual Studio Solution File, Format Version 12.00
# Visual Studio Version 17
VisualStudioVersion = 17.4.33205.214
MinimumVisualStudioVersion = 10.0.40219.1
Project("{FAE04EC0-301F-11D3-BF4B-00C04F79EFBC}") = "Aula Structs3", "Aula Structs3\Aula Structs3.csproj", "{0E183C1C-5A10-41F9-B799-ED1376D3B749}"
EndProject
Global
	GlobalSection(SolutionConfigurationPlatforms) = preSolution
		Debug|Any CPU = Debug|Any CPU
		Release|Any CPU = Release|Any CPU
	EndGlobalSection
	GlobalSection(ProjectConfigurationPlatforms) = postSolution
		{0E183C1C-5A10-41F9-B799-ED1376D3B749}.Debug|Any CPU.ActiveCfg = Debug|Any CPU
		{0E183C1C-5A10-41F9-B799-ED1376D3B749}.Debug|Any CPU.Build.0 = Debug|Any CPU
		{0E183C1C-5A10-41F9-B799-ED1376D3B749}.Release|Any CPU.ActiveCfg = Release|Any CPU
		{0E183C1C-5A10-41F9-B799-ED1376D3B749}.Release|Any CPU.Build.0 = Release|Any CPU
	EndGlobalSection
	GlobalSection(SolutionProperties) = preSolution
		HideSolutionNode = FALSE
	EndGlobalSection
	GlobalSection(ExtensibilityGlobals) = postSolution
		SolutionGuid = {1F6E9D06-EB40-4FAB-969E-BA12461A93D4}
	EndGlobalSection
EndGlobal
